
Microsoft Visual Studio Solution File, Format Version 12.00
# Visual Studio Version 17
VisualStudioVersion = 17.11.35312.102
MinimumVisualStudioVersion = 10.0.40219.1
Project("{FAE04EC0-301F-11D3-BF4B-00C04F79EFBC}") = "Expense Management App", "Expense Management App.csproj", "{5A4908E4-7BB5-45DF-9C9C-63AC9FB6267E}"
EndProject
Global
	GlobalSection(SolutionConfigurationPlatforms) = preSolution
		Debug|Any CPU = Debug|Any CPU
		Release|Any CPU = Release|Any CPU
	EndGlobalSection
	GlobalSection(ProjectConfigurationPlatforms) = postSolution
		{5A4908E4-7BB5-45DF-9C9C-63AC9FB6267E}.Debug|Any CPU.ActiveCfg = Debug|Any CPU
		{5A4908E4-7BB5-45DF-9C9C-63AC9FB6267E}.Debug|Any CPU.Build.0 = Debug|Any CPU
		{5A4908E4-7BB5-45DF-9C9C-63AC9FB6267E}.Debug|Any CPU.Deploy.0 = Debug|Any CPU
		{5A4908E4-7BB5-45DF-9C9C-63AC9FB6267E}.Release|Any CPU.ActiveCfg = Release|Any CPU
		{5A4908E4-7BB5-45DF-9C9C-63AC9FB6267E}.Release|Any CPU.Build.0 = Release|Any CPU
		{5A4908E4-7BB5-45DF-9C9C-63AC9FB6267E}.Release|Any CPU.Deploy.0 = Release|Any CPU
	EndGlobalSection
	GlobalSection(SolutionProperties) = preSolution
		HideSolutionNode = FALSE
	EndGlobalSection
	GlobalSection(ExtensibilityGlobals) = postSolution
		SolutionGuid = {D7D497C9-C950-4A9F-9E37-E50151BB6A9D}
	EndGlobalSection
EndGlobal
